
Microsoft Visual Studio Solution File, Format Version 12.00
# Visual Studio Version 17
VisualStudioVersion = 17.0.32112.339
MinimumVisualStudioVersion = 10.0.40219.1
Project("{FAE04EC0-301F-11D3-BF4B-00C04F79EFBC}") = "RockPaperScissors", "RockPaperScissors\RockPaperScissors.csproj", "{6A4ECC57-EEC3-4EF6-A53C-B0DA71CB8C2F}"
EndProject
Project("{FAE04EC0-301F-11D3-BF4B-00C04F79EFBC}") = "RockPaperScissorsV2", "RockPaperScissorsV2\RockPaperScissorsV2.csproj", "{6DFBFC35-B6DF-4D0A-94EC-85E18FEADD52}"
EndProject
Global
	GlobalSection(SolutionConfigurationPlatforms) = preSolution
		Debug|Any CPU = Debug|Any CPU
		Release|Any CPU = Release|Any CPU
	EndGlobalSection
	GlobalSection(ProjectConfigurationPlatforms) = postSolution
		{6A4ECC57-EEC3-4EF6-A53C-B0DA71CB8C2F}.Debug|Any CPU.ActiveCfg = Debug|Any CPU
		{6A4ECC57-EEC3-4EF6-A53C-B0DA71CB8C2F}.Debug|Any CPU.Build.0 = Debug|Any CPU
		{6A4ECC57-EEC3-4EF6-A53C-B0DA71CB8C2F}.Release|Any CPU.ActiveCfg = Release|Any CPU
		{6A4ECC57-EEC3-4EF6-A53C-B0DA71CB8C2F}.Release|Any CPU.Build.0 = Release|Any CPU
		{6DFBFC35-B6DF-4D0A-94EC-85E18FEADD52}.Debug|Any CPU.ActiveCfg = Debug|Any CPU
		{6DFBFC35-B6DF-4D0A-94EC-85E18FEADD52}.Debug|Any CPU.Build.0 = Debug|Any CPU
		{6DFBFC35-B6DF-4D0A-94EC-85E18FEADD52}.Release|Any CPU.ActiveCfg = Release|Any CPU
		{6DFBFC35-B6DF-4D0A-94EC-85E18FEADD52}.Release|Any CPU.Build.0 = Release|Any CPU
	EndGlobalSection
	GlobalSection(SolutionProperties) = preSolution
		HideSolutionNode = FALSE
	EndGlobalSection
	GlobalSection(ExtensibilityGlobals) = postSolution
		SolutionGuid = {2D0B673B-56E6-4FE5-956F-209C480A1D1A}
	EndGlobalSection
EndGlobal
